// !$*UTF8*$!
{
	archiveVersion = 1;
	classes = {
	};
	objectVersion = 50;
	objects = {

/* Begin PBXBuildFile section */
		3714AA032407B2610076AA39 /* AppDelegate.swift in Sources */ = {isa = PBXBuildFile; fileRef = 3714AA022407B2610076AA39 /* AppDelegate.swift */; };
		3714AA052407B2610076AA39 /* ViewController.swift in Sources */ = {isa = PBXBuildFile; fileRef = 3714AA042407B2610076AA39 /* ViewController.swift */; };
		3714AA082407B2610076AA39 /* Main.storyboard in Resources */ = {isa = PBXBuildFile; fileRef = 3714AA062407B2610076AA39 /* Main.storyboard */; };
		3714AA0A2407B2700076AA39 /* Assets.xcassets in Resources */ = {isa = PBXBuildFile; fileRef = 3714AA092407B2700076AA39 /* Assets.xcassets */; };
		3714AA0D2407B2700076AA39 /* LaunchScreen.storyboard in Resources */ = {isa = PBXBuildFile; fileRef = 3714AA0B2407B2700076AA39 /* LaunchScreen.storyboard */; };
		3714AA1B2407B2B30076AA39 /* AppDelegate.swift in Sources */ = {isa = PBXBuildFile; fileRef = 3714AA1A2407B2B30076AA39 /* AppDelegate.swift */; };
		3714AA1D2407B2B30076AA39 /* ViewController.swift in Sources */ = {isa = PBXBuildFile; fileRef = 3714AA1C2407B2B30076AA39 /* ViewController.swift */; };
		3714AA202407B2B30076AA39 /* Main.storyboard in Resources */ = {isa = PBXBuildFile; fileRef = 3714AA1E2407B2B30076AA39 /* Main.storyboard */; };
		3714AA252407B2B40076AA39 /* LaunchScreen.storyboard in Resources */ = {isa = PBXBuildFile; fileRef = 3714AA232407B2B40076AA39 /* LaunchScreen.storyboard */; };
		3714AA2B2407B33F0076AA39 /* Assets.xcassets in Resources */ = {isa = PBXBuildFile; fileRef = 3714AA092407B2700076AA39 /* Assets.xcassets */; };
/* End PBXBuildFile section */

/* Begin PBXFileReference section */
		3714A9FF2407B2610076AA39 /* Photo_Hut.app */ = {isa = PBXFileReference; explicitFileType = wrapper.application; includeInIndex = 0; path = Photo_Hut.app; sourceTree = BUILT_PRODUCTS_DIR; };
		3714AA022407B2610076AA39 /* AppDelegate.swift */ = {isa = PBXFileReference; lastKnownFileType = sourcecode.swift; path = AppDelegate.swift; sourceTree = "<group>"; };
		3714AA042407B2610076AA39 /* ViewController.swift */ = {isa = PBXFileReference; lastKnownFileType = sourcecode.swift; path = ViewController.swift; sourceTree = "<group>"; };
		3714AA072407B2610076AA39 /* Base */ = {isa = PBXFileReference; lastKnownFileType = file.storyboard; name = Base; path = Base.lproj/Main.storyboard; sourceTree = "<group>"; };
		3714AA092407B2700076AA39 /* Assets.xcassets */ = {isa = PBXFileReference; lastKnownFileType = folder.assetcatalog; path = Assets.xcassets; sourceTree = "<group>"; };
		3714AA0C2407B2700076AA39 /* Base */ = {isa = PBXFileReference; lastKnownFileType = file.storyboard; name = Base; path = Base.lproj/LaunchScreen.storyboard; sourceTree = "<group>"; };
		3714AA0E2407B2700076AA39 /* Info.plist */ = {isa = PBXFileReference; lastKnownFileType = text.plist.xml; path = Info.plist; sourceTree = "<group>"; };
		3714AA182407B2B30076AA39 /* Photo_Hut_Admin.app */ = {isa = PBXFileReference; explicitFileType = wrapper.application; includeInIndex = 0; path = Photo_Hut_Admin.app; sourceTree = BUILT_PRODUCTS_DIR; };
		3714AA1A2407B2B30076AA39 /* AppDelegate.swift */ = {isa = PBXFileReference; lastKnownFileType = sourcecode.swift; path = AppDelegate.swift; sourceTree = "<group>"; };
		3714AA1C2407B2B30076AA39 /* ViewController.swift */ = {isa = PBXFileReference; lastKnownFileType = sourcecode.swift; path = ViewController.swift; sourceTree = "<group>"; };
		3714AA1F2407B2B30076AA39 /* Base */ = {isa = PBXFileReference; lastKnownFileType = file.storyboard; name = Base; path = Base.lproj/Main.storyboard; sourceTree = "<group>"; };
		3714AA242407B2B40076AA39 /* Base */ = {isa = PBXFileReference; lastKnownFileType = file.storyboard; name = Base; path = Base.lproj/LaunchScreen.storyboard; sourceTree = "<group>"; };
		3714AA262407B2B40076AA39 /* Info.plist */ = {isa = PBXFileReference; lastKnownFileType = text.plist.xml; path = Info.plist; sourceTree = "<group>"; };
/* End PBXFileReference section */

/* Begin PBXFrameworksBuildPhase section */
		3714A9FC2407B2610076AA39 /* Frameworks */ = {
			isa = PBXFrameworksBuildPhase;
			buildActionMask = 2147483647;
			files = (
			);
			runOnlyForDeploymentPostprocessing = 0;
		};
		3714AA152407B2B30076AA39 /* Frameworks */ = {
			isa = PBXFrameworksBuildPhase;
			buildActionMask = 2147483647;
			files = (
			);
			runOnlyForDeploymentPostprocessing = 0;
		};
/* End PBXFrameworksBuildPhase section */

/* Begin PBXGroup section */
		3714A9F62407B2610076AA39 = {
			isa = PBXGroup;
			children = (
				3714AA2A2407B3300076AA39 /* Shared */,
				3714AA012407B2610076AA39 /* Photo_Hut */,
				3714AA192407B2B30076AA39 /* Photo_Hut_Admin */,
				3714AA002407B2610076AA39 /* Products */,
			);
			sourceTree = "<group>";
		};
		3714AA002407B2610076AA39 /* Products */ = {
			isa = PBXGroup;
			children = (
				3714A9FF2407B2610076AA39 /* Photo_Hut.app */,
				3714AA182407B2B30076AA39 /* Photo_Hut_Admin.app */,
			);
			name = Products;
			sourceTree = "<group>";
		};
		3714AA012407B2610076AA39 /* Photo_Hut */ = {
			isa = PBXGroup;
			children = (
				3714AA022407B2610076AA39 /* AppDelegate.swift */,
				3714AA042407B2610076AA39 /* ViewController.swift */,
				3714AA062407B2610076AA39 /* Main.storyboard */,
				3714AA0B2407B2700076AA39 /* LaunchScreen.storyboard */,
				3714AA0E2407B2700076AA39 /* Info.plist */,
			);
			path = Photo_Hut;
			sourceTree = "<group>";
		};
		3714AA192407B2B30076AA39 /* Photo_Hut_Admin */ = {
			isa = PBXGroup;
			children = (
				3714AA1A2407B2B30076AA39 /* AppDelegate.swift */,
				3714AA1C2407B2B30076AA39 /* ViewController.swift */,
				3714AA1E2407B2B30076AA39 /* Main.storyboard */,
				3714AA232407B2B40076AA39 /* LaunchScreen.storyboard */,
				3714AA262407B2B40076AA39 /* Info.plist */,
			);
			path = Photo_Hut_Admin;
			sourceTree = "<group>";
		};
		3714AA2A2407B3300076AA39 /* Shared */ = {
			isa = PBXGroup;
			children = (
				3714AA092407B2700076AA39 /* Assets.xcassets */,
			);
			path = Shared;
			sourceTree = "<group>";
		};
/* End PBXGroup section */

/* Begin PBXNativeTarget section */
		3714A9FE2407B2610076AA39 /* Photo_Hut */ = {
			isa = PBXNativeTarget;
			buildConfigurationList = 3714AA112407B2700076AA39 /* Build configuration list for PBXNativeTarget "Photo_Hut" */;
			buildPhases = (
				3714A9FB2407B2610076AA39 /* Sources */,
				3714A9FC2407B2610076AA39 /* Frameworks */,
				3714A9FD2407B2610076AA39 /* Resources */,
			);
			buildRules = (
			);
			dependencies = (
			);
			name = Photo_Hut;
			productName = Photo_Hut;
			productReference = 3714A9FF2407B2610076AA39 /* Photo_Hut.app */;
			productType = "com.apple.product-type.application";
		};
		3714AA172407B2B30076AA39 /* Photo_Hut_Admin */ = {
			isa = PBXNativeTarget;
			buildConfigurationList = 3714AA272407B2B40076AA39 /* Build configuration list for PBXNativeTarget "Photo_Hut_Admin" */;
			buildPhases = (
				3714AA142407B2B30076AA39 /* Sources */,
				3714AA152407B2B30076AA39 /* Frameworks */,
				3714AA162407B2B30076AA39 /* Resources */,
			);
			buildRules = (
			);
			dependencies = (
			);
			name = Photo_Hut_Admin;
			productName = Photo_Hut_Admin;
			productReference = 3714AA182407B2B30076AA39 /* Photo_Hut_Admin.app */;
			productType = "com.apple.product-type.application";
		};
/* End PBXNativeTarget section */

/* Begin PBXProject section */
		3714A9F72407B2610076AA39 /* Project object */ = {
			isa = PBXProject;
			attributes = {
				LastSwiftUpdateCheck = 1010;
				LastUpgradeCheck = 1010;
				ORGANIZATIONNAME = "Md. Saiful Islam";
				TargetAttributes = {
					3714A9FE2407B2610076AA39 = {
						CreatedOnToolsVersion = 10.1;
					};
					3714AA172407B2B30076AA39 = {
						CreatedOnToolsVersion = 10.1;
					};
				};
			};
			buildConfigurationList = 3714A9FA2407B2610076AA39 /* Build configuration list for PBXProject "Photo_Hut" */;
			compatibilityVersion = "Xcode 9.3";
			developmentRegion = en;
			hasScannedForEncodings = 0;
			knownRegions = (
				en,
				Base,
			);
			mainGroup = 3714A9F62407B2610076AA39;
			productRefGroup = 3714AA002407B2610076AA39 /* Products */;
			projectDirPath = "";
			projectRoot = "";
			targets = (
				3714A9FE2407B2610076AA39 /* Photo_Hut */,
				3714AA172407B2B30076AA39 /* Photo_Hut_Admin */,
			);
		};
/* End PBXProject section */

/* Begin PBXResourcesBuildPhase section */
		3714A9FD2407B2610076AA39 /* Resources */ = {
			isa = PBXResourcesBuildPhase;
			buildActionMask = 2147483647;
			files = (
				3714AA0D2407B2700076AA39 /* LaunchScreen.storyboard in Resources */,
				3714AA0A2407B2700076AA39 /* Assets.xcassets in Resources */,
				3714AA082407B2610076AA39 /* Main.storyboard in Resources */,
			);
			runOnlyForDeploymentPostprocessing = 0;
		};
		3714AA162407B2B30076AA39 /* Resources */ = {
			isa = PBXResourcesBuildPhase;
			buildActionMask = 2147483647;
			files = (
				3714AA252407B2B40076AA39 /* LaunchScreen.storyboard in Resources */,
				3714AA2B2407B33F0076AA39 /* Assets.xcassets in Resources */,
				3714AA202407B2B30076AA39 /* Main.storyboard in Resources */,
			);
			runOnlyForDeploymentPostprocessing = 0;
		};
/* End PBXResourcesBuildPhase section */

/* Begin PBXSourcesBuildPhase section */
		3714A9FB2407B2610076AA39 /* Sources */ = {
			isa = PBXSourcesBuildPhase;
			buildActionMask = 2147483647;
			files = (
				3714AA052407B2610076AA39 /* ViewController.swift in Sources */,
				3714AA032407B2610076AA39 /* AppDelegate.swift in Sources */,
			);
			runOnlyForDeploymentPostprocessing = 0;
		};
		3714AA142407B2B30076AA39 /* Sources */ = {
			isa = PBXSourcesBuildPhase;
			buildActionMask = 2147483647;
			files = (
				3714AA1D2407B2B30076AA39 /* ViewController.swift in Sources */,
				3714AA1B2407B2B30076AA39 /* AppDelegate.swift in Sources */,
			);
			runOnlyForDeploymentPostprocessing = 0;
		};
/* End PBXSourcesBuildPhase section */

/* Begin PBXVariantGroup section */
		3714AA062407B2610076AA39 /* Main.storyboard */ = {
			isa = PBXVariantGroup;
			children = (
				3714AA072407B2610076AA39 /* Base */,
			);
			name = Main.storyboard;
			sourceTree = "<group>";
		};
		3714AA0B2407B2700076AA39 /* LaunchScreen.storyboard */ = {
			isa = PBXVariantGroup;
			children = (
				3714AA0C2407B2700076AA39 /* Base */,
			);
			name = LaunchScreen.storyboard;
			sourceTree = "<group>";
		};
		3714AA1E2407B2B30076AA39 /* Main.storyboard */ = {
			isa = PBXVariantGroup;
			children = (
				3714AA1F2407B2B30076AA39 /* Base */,
			);
			name = Main.storyboard;
			sourceTree = "<group>";
		};
		3714AA232407B2B40076AA39 /* LaunchScreen.storyboard */ = {
			isa = PBXVariantGroup;
			children = (
				3714AA242407B2B40076AA39 /* Base */,
			);
			name = LaunchScreen.storyboard;
			sourceTree = "<group>";
		};
/* End PBXVariantGroup section */

/* Begin XCBuildConfiguration section */
		3714AA0F2407B2700076AA39 /* Debug */ = {
			isa = XCBuildConfiguration;
			buildSettings = {
				ALWAYS_SEARCH_USER_PATHS = NO;
				CLANG_ANALYZER_NONNULL = YES;
				CLANG_ANALYZER_NUMBER_OBJECT_CONVERSION = YES_AGGRESSIVE;
				CLANG_CXX_LANGUAGE_STANDARD = "gnu++14";
				CLANG_CXX_LIBRARY = "libc++";
				CLANG_ENABLE_MODULES = YES;
				CLANG_ENABLE_OBJC_ARC = YES;
				CLANG_ENABLE_OBJC_WEAK = YES;
				CLANG_WARN_BLOCK_CAPTURE_AUTORELEASING = YES;
				CLANG_WARN_BOOL_CONVERSION = YES;
				CLANG_WARN_COMMA = YES;
				CLANG_WARN_CONSTANT_CONVERSION = YES;
				CLANG_WARN_DEPRECATED_OBJC_IMPLEMENTATIONS = YES;
				CLANG_WARN_DIRECT_OBJC_ISA_USAGE = YES_ERROR;
				CLANG_WARN_DOCUMENTATION_COMMENTS = YES;
				CLANG_WARN_EMPTY_BODY = YES;
				CLANG_WARN_ENUM_CONVERSION = YES;
				CLANG_WARN_INFINITE_RECURSION = YES;
				CLANG_WARN_INT_CONVERSION = YES;
				CLANG_WARN_NON_LITERAL_NULL_CONVERSION = YES;
				CLANG_WARN_OBJC_IMPLICIT_RETAIN_SELF = YES;
				CLANG_WARN_OBJC_LITERAL_CONVERSION = YES;
				CLANG_WARN_OBJC_ROOT_CLASS = YES_ERROR;
				CLANG_WARN_RANGE_LOOP_ANALYSIS = YES;
				CLANG_WARN_STRICT_PROTOTYPES = YES;
				CLANG_WARN_SUSPICIOUS_MOVE = YES;
				CLANG_WARN_UNGUARDED_AVAILABILITY = YES_AGGRESSIVE;
				CLANG_WARN_UNREACHABLE_CODE = YES;
				CLANG_WARN__DUPLICATE_METHOD_MATCH = YES;
				CODE_SIGN_IDENTITY = "iPhone Developer";
				COPY_PHASE_STRIP = NO;
				DEBUG_INFORMATION_FORMAT = dwarf;
				ENABLE_STRICT_OBJC_MSGSEND = YES;
				ENABLE_TESTABILITY = YES;
				GCC_C_LANGUAGE_STANDARD = gnu11;
				GCC_DYNAMIC_NO_PIC = NO;
				GCC_NO_COMMON_BLOCKS = YES;
				GCC_OPTIMIZATION_LEVEL = 0;
				GCC_PREPROCESSOR_DEFINITIONS = (
					"DEBUG=1",
					"$(inherited)",
				);
				GCC_WARN_64_TO_32_BIT_CONVERSION = YES;
				GCC_WARN_ABOUT_RETURN_TYPE = YES_ERROR;
				GCC_WARN_UNDECLARED_SELECTOR = YES;
				GCC_WARN_UNINITIALIZED_AUTOS = YES_AGGRESSIVE;
				GCC_WARN_UNUSED_FUNCTION = YES;
				GCC_WARN_UNUSED_VARIABLE = YES;
				IPHONEOS_DEPLOYMENT_TARGET = 12.1;
				MTL_ENABLE_DEBUG_INFO = INCLUDE_SOURCE;
				MTL_FAST_MATH = YES;
				ONLY_ACTIVE_ARCH = YES;
				SDKROOT = iphoneos;
				SWIFT_ACTIVE_COMPILATION_CONDITIONS = DEBUG;
				SWIFT_OPTIMIZATION_LEVEL = "-Onone";
			};
			name = Debug;
		};
		3714AA102407B2700076AA39 /* Release */ = {
			isa = XCBuildConfiguration;
			buildSettings = {
				ALWAYS_SEARCH_USER_PATHS = NO;
				CLANG_ANALYZER_NONNULL = YES;
				CLANG_ANALYZER_NUMBER_OBJECT_CONVERSION = YES_AGGRESSIVE;
				CLANG_CXX_LANGUAGE_STANDARD = "gnu++14";
				CLANG_CXX_LIBRARY = "libc++";
				CLANG_ENABLE_MODULES = YES;
				CLANG_ENABLE_OBJC_ARC = YES;
				CLANG_ENABLE_OBJC_WEAK = YES;
				CLANG_WARN_BLOCK_CAPTURE_AUTORELEASING = YES;
				CLANG_WARN_BOOL_CONVERSION = YES;
				CLANG_WARN_COMMA = YES;
				CLANG_WARN_CONSTANT_CONVERSION = YES;
				CLANG_WARN_DEPRECATED_OBJC_IMPLEMENTATIONS = YES;
				CLANG_WARN_DIRECT_OBJC_ISA_USAGE = YES_ERROR;
				CLANG_WARN_DOCUMENTATION_COMMENTS = YES;
				CLANG_WARN_EMPTY_BODY = YES;
				CLANG_WARN_ENUM_CONVERSION = YES;
				CLANG_WARN_INFINITE_RECURSION = YES;
				CLANG_WARN_INT_CONVERSION = YES;
				CLANG_WARN_NON_LITERAL_NULL_CONVERSION = YES;
				CLANG_WARN_OBJC_IMPLICIT_RETAIN_SELF = YES;
				CLANG_WARN_OBJC_LITERAL_CONVERSION = YES;
				CLANG_WARN_OBJC_ROOT_CLASS = YES_ERROR;
				CLANG_WARN_RANGE_LOOP_ANALYSIS = YES;
				CLANG_WARN_STRICT_PROTOTYPES = YES;
				CLANG_WARN_SUSPICIOUS_MOVE = YES;
				CLANG_WARN_UNGUARDED_AVAILABILITY = YES_AGGRESSIVE;
				CLANG_WARN_UNREACHABLE_CODE = YES;
				CLANG_WARN__DUPLICATE_METHOD_MATCH = YES;
				CODE_SIGN_IDENTITY = "iPhone Developer";
				COPY_PHASE_STRIP = NO;
				DEBUG_INFORMATION_FORMAT = "dwarf-with-dsym";
				ENABLE_NS_ASSERTIONS = NO;
				ENABLE_STRICT_OBJC_MSGSEND = YES;
				GCC_C_LANGUAGE_STANDARD = gnu11;
				GCC_NO_COMMON_BLOCKS = YES;
				GCC_WARN_64_TO_32_BIT_CONVERSION = YES;
				GCC_WARN_ABOUT_RETURN_TYPE = YES_ERROR;
				GCC_WARN_UNDECLARED_SELECTOR = YES;
				GCC_WARN_UNINITIALIZED_AUTOS = YES_AGGRESSIVE;
				GCC_WARN_UNUSED_FUNCTION = YES;
				GCC_WARN_UNUSED_VARIABLE = YES;
				IPHONEOS_DEPLOYMENT_TARGET = 12.1;
				MTL_ENABLE_DEBUG_INFO = NO;
				MTL_FAST_MATH = YES;
				SDKROOT = iphoneos;
				SWIFT_COMPILATION_MODE = wholemodule;
				SWIFT_OPTIMIZATION_LEVEL = "-O";
				VALIDATE_PRODUCT = YES;
			};
			name = Release;
		};
		3714AA122407B2700076AA39 /* Debug */ = {
			isa = XCBuildConfiguration;
			buildSettings = {
				ASSETCATALOG_COMPILER_APPICON_NAME = AppIcon;
				CODE_SIGN_STYLE = Automatic;
				INFOPLIST_FILE = Photo_Hut/Info.plist;
				LD_RUNPATH_SEARCH_PATHS = (
					"$(inherited)",
					"@executable_path/Frameworks",
				);
				PRODUCT_BUNDLE_IDENTIFIER = "iosProject.Photo-Hut";
				PRODUCT_NAME = "$(TARGET_NAME)";
				SWIFT_VERSION = 4.2;
				TARGETED_DEVICE_FAMILY = "1,2";
			};
			name = Debug;
		};
		3714AA132407B2700076AA39 /* Release */ = {
			isa = XCBuildConfiguration;
			buildSettings = {
				ASSETCATALOG_COMPILER_APPICON_NAME = AppIcon;
				CODE_SIGN_STYLE = Automatic;
				INFOPLIST_FILE = Photo_Hut/Info.plist;
				LD_RUNPATH_SEARCH_PATHS = (
					"$(inherited)",
					"@executable_path/Frameworks",
				);
				PRODUCT_BUNDLE_IDENTIFIER = "iosProject.Photo-Hut";
				PRODUCT_NAME = "$(TARGET_NAME)";
				SWIFT_VERSION = 4.2;
				TARGETED_DEVICE_FAMILY = "1,2";
			};
			name = Release;
		};
		3714AA282407B2B40076AA39 /* Debug */ = {
			isa = XCBuildConfiguration;
			buildSettings = {
				ASSETCATALOG_COMPILER_APPICON_NAME = AppIcon;
				CODE_SIGN_STYLE = Automatic;
				INFOPLIST_FILE = Photo_Hut_Admin/Info.plist;
				LD_RUNPATH_SEARCH_PATHS = (
					"$(inherited)",
					"@executable_path/Frameworks",
				);
				PRODUCT_BUNDLE_IDENTIFIER = "iosProject.Photo-Hut-Admin";
				PRODUCT_NAME = "$(TARGET_NAME)";
				SWIFT_VERSION = 4.2;
				TARGETED_DEVICE_FAMILY = "1,2";
			};
			name = Debug;
		};
		3714AA292407B2B40076AA39 /* Release */ = {
			isa = XCBuildConfiguration;
			buildSettings = {
				ASSETCATALOG_COMPILER_APPICON_NAME = AppIcon;
				CODE_SIGN_STYLE = Automatic;
				INFOPLIST_FILE = Photo_Hut_Admin/Info.plist;
				LD_RUNPATH_SEARCH_PATHS = (
					"$(inherited)",
					"@executable_path/Frameworks",
				);
				PRODUCT_BUNDLE_IDENTIFIER = "iosProject.Photo-Hut-Admin";
				PRODUCT_NAME = "$(TARGET_NAME)";
				SWIFT_VERSION = 4.2;
				TARGETED_DEVICE_FAMILY = "1,2";
			};
			name = Release;
		};
/* End XCBuildConfiguration section */

/* Begin XCConfigurationList section */
		3714A9FA2407B2610076AA39 /* Build configuration list for PBXProject "Photo_Hut" */ = {
			isa = XCConfigurationList;
			buildConfigurations = (
				3714AA0F2407B2700076AA39 /* Debug */,
				3714AA102407B2700076AA39 /* Release */,
			);
			defaultConfigurationIsVisible = 0;
			defaultConfigurationName = Release;
		};
		3714AA112407B2700076AA39 /* Build configuration list for PBXNativeTarget "Photo_Hut" */ = {
			isa = XCConfigurationList;
			buildConfigurations = (
				3714AA122407B2700076AA39 /* Debug */,
				3714AA132407B2700076AA39 /* Release */,
			);
			defaultConfigurationIsVisible = 0;
			defaultConfigurationName = Release;
		};
		3714AA272407B2B40076AA39 /* Build configuration list for PBXNativeTarget "Photo_Hut_Admin" */ = {
			isa = XCConfigurationList;
			buildConfigurations = (
				3714AA282407B2B40076AA39 /* Debug */,
				3714AA292407B2B40076AA39 /* Release */,
			);
			defaultConfigurationIsVisible = 0;
			defaultConfigurationName = Release;
		};
/* End XCConfigurationList section */
	};
	rootObject = 3714A9F72407B2610076AA39 /* Project object */;
}
