// !$*UTF8*$!
{
	archiveVersion = 1;
	classes = {
	};
	objectVersion = 51;
	objects = {

/* Begin PBXBuildFile section */
		1F7AFD7FDA12EC33BA65A532 /* Pods_Photo_Hut_Admin.framework in Frameworks */ = {isa = PBXBuildFile; fileRef = AB4BA253EA17AEE0F95D2268 /* Pods_Photo_Hut_Admin.framework */; };
		2B8629B62E4A7844CF0326A7 /* Pods_Photo_Hut.framework in Frameworks */ = {isa = PBXBuildFile; fileRef = FDE0B455625D889DF3F56743 /* Pods_Photo_Hut.framework */; };
		370F3C8F240E2DD10019500C /* GoogleService-Info.plist in Resources */ = {isa = PBXBuildFile; fileRef = 370F3C8E240E2DD10019500C /* GoogleService-Info.plist */; };
		370F3C96240E48EB0019500C /* LoginVC.swift in Sources */ = {isa = PBXBuildFile; fileRef = 370F3C95240E48EA0019500C /* LoginVC.swift */; };
		370F3C9A240E496D0019500C /* RegisterVC.swift in Sources */ = {isa = PBXBuildFile; fileRef = 370F3C99240E496D0019500C /* RegisterVC.swift */; };
		3714AA032407B2610076AA39 /* AppDelegate.swift in Sources */ = {isa = PBXBuildFile; fileRef = 3714AA022407B2610076AA39 /* AppDelegate.swift */; };
		3714AA052407B2610076AA39 /* ViewController.swift in Sources */ = {isa = PBXBuildFile; fileRef = 3714AA042407B2610076AA39 /* ViewController.swift */; };
		3714AA082407B2610076AA39 /* Main.storyboard in Resources */ = {isa = PBXBuildFile; fileRef = 3714AA062407B2610076AA39 /* Main.storyboard */; };
		3714AA0A2407B2700076AA39 /* Assets.xcassets in Resources */ = {isa = PBXBuildFile; fileRef = 3714AA092407B2700076AA39 /* Assets.xcassets */; };
		3714AA0D2407B2700076AA39 /* LaunchScreen.storyboard in Resources */ = {isa = PBXBuildFile; fileRef = 3714AA0B2407B2700076AA39 /* LaunchScreen.storyboard */; };
		3714AA1B2407B2B30076AA39 /* AppDelegate.swift in Sources */ = {isa = PBXBuildFile; fileRef = 3714AA1A2407B2B30076AA39 /* AppDelegate.swift */; };
		3714AA1D2407B2B30076AA39 /* ViewController.swift in Sources */ = {isa = PBXBuildFile; fileRef = 3714AA1C2407B2B30076AA39 /* ViewController.swift */; };
		3714AA202407B2B30076AA39 /* Main.storyboard in Resources */ = {isa = PBXBuildFile; fileRef = 3714AA1E2407B2B30076AA39 /* Main.storyboard */; };
		3714AA252407B2B40076AA39 /* LaunchScreen.storyboard in Resources */ = {isa = PBXBuildFile; fileRef = 3714AA232407B2B40076AA39 /* LaunchScreen.storyboard */; };
		3714AA2B2407B33F0076AA39 /* Assets.xcassets in Resources */ = {isa = PBXBuildFile; fileRef = 3714AA092407B2700076AA39 /* Assets.xcassets */; };
		37644ACC240FBAC700FE831A /* Extentions.swift in Sources */ = {isa = PBXBuildFile; fileRef = 37644ACB240FBAC700FE831A /* Extentions.swift */; };
		37770986240D1EC400612A3B /* GoogleService-Info.plist in Resources */ = {isa = PBXBuildFile; fileRef = 37770985240D1EC400612A3B /* GoogleService-Info.plist */; };
		377D5C7D2410D147007C2987 /* Constants.swift in Sources */ = {isa = PBXBuildFile; fileRef = 377D5C7C2410D147007C2987 /* Constants.swift */; };
		379AF000240B9217001A8F10 /* LoginStoryboard.storyboard in Resources */ = {isa = PBXBuildFile; fileRef = 379AEFFF240B9217001A8F10 /* LoginStoryboard.storyboard */; };
		37CB77232414C99B005C3F9D /* RoundedViews.swift in Sources */ = {isa = PBXBuildFile; fileRef = 37CB77222414C99B005C3F9D /* RoundedViews.swift */; };
/* End PBXBuildFile section */

/* Begin PBXFileReference section */
		14815180CE67D581EF7F0E0A /* Pods-Photo_Hut.release.xcconfig */ = {isa = PBXFileReference; includeInIndex = 1; lastKnownFileType = text.xcconfig; name = "Pods-Photo_Hut.release.xcconfig"; path = "Target Support Files/Pods-Photo_Hut/Pods-Photo_Hut.release.xcconfig"; sourceTree = "<group>"; };
		370F3C8E240E2DD10019500C /* GoogleService-Info.plist */ = {isa = PBXFileReference; fileEncoding = 4; lastKnownFileType = text.plist.xml; path = "GoogleService-Info.plist"; sourceTree = "<group>"; };
		370F3C95240E48EA0019500C /* LoginVC.swift */ = {isa = PBXFileReference; lastKnownFileType = sourcecode.swift; path = LoginVC.swift; sourceTree = "<group>"; };
		370F3C99240E496D0019500C /* RegisterVC.swift */ = {isa = PBXFileReference; lastKnownFileType = sourcecode.swift; path = RegisterVC.swift; sourceTree = "<group>"; };
		3714A9FF2407B2610076AA39 /* Photo_Hut.app */ = {isa = PBXFileReference; explicitFileType = wrapper.application; includeInIndex = 0; path = Photo_Hut.app; sourceTree = BUILT_PRODUCTS_DIR; };
		3714AA022407B2610076AA39 /* AppDelegate.swift */ = {isa = PBXFileReference; lastKnownFileType = sourcecode.swift; path = AppDelegate.swift; sourceTree = "<group>"; };
		3714AA042407B2610076AA39 /* ViewController.swift */ = {isa = PBXFileReference; lastKnownFileType = sourcecode.swift; path = ViewController.swift; sourceTree = "<group>"; };
		3714AA072407B2610076AA39 /* Base */ = {isa = PBXFileReference; lastKnownFileType = file.storyboard; name = Base; path = Base.lproj/Main.storyboard; sourceTree = "<group>"; };
		3714AA092407B2700076AA39 /* Assets.xcassets */ = {isa = PBXFileReference; lastKnownFileType = folder.assetcatalog; path = Assets.xcassets; sourceTree = "<group>"; };
		3714AA0C2407B2700076AA39 /* Base */ = {isa = PBXFileReference; lastKnownFileType = file.storyboard; name = Base; path = Base.lproj/LaunchScreen.storyboard; sourceTree = "<group>"; };
		3714AA0E2407B2700076AA39 /* Info.plist */ = {isa = PBXFileReference; lastKnownFileType = text.plist.xml; path = Info.plist; sourceTree = "<group>"; };
		3714AA182407B2B30076AA39 /* Photo_Hut_Admin.app */ = {isa = PBXFileReference; explicitFileType = wrapper.application; includeInIndex = 0; path = Photo_Hut_Admin.app; sourceTree = BUILT_PRODUCTS_DIR; };
		3714AA1A2407B2B30076AA39 /* AppDelegate.swift */ = {isa = PBXFileReference; lastKnownFileType = sourcecode.swift; path = AppDelegate.swift; sourceTree = "<group>"; };
		3714AA1C2407B2B30076AA39 /* ViewController.swift */ = {isa = PBXFileReference; lastKnownFileType = sourcecode.swift; path = ViewController.swift; sourceTree = "<group>"; };
		3714AA1F2407B2B30076AA39 /* Base */ = {isa = PBXFileReference; lastKnownFileType = file.storyboard; name = Base; path = Base.lproj/Main.storyboard; sourceTree = "<group>"; };
		3714AA242407B2B40076AA39 /* Base */ = {isa = PBXFileReference; lastKnownFileType = file.storyboard; name = Base; path = Base.lproj/LaunchScreen.storyboard; sourceTree = "<group>"; };
		3714AA262407B2B40076AA39 /* Info.plist */ = {isa = PBXFileReference; lastKnownFileType = text.plist.xml; path = Info.plist; sourceTree = "<group>"; };
		37644ACB240FBAC700FE831A /* Extentions.swift */ = {isa = PBXFileReference; lastKnownFileType = sourcecode.swift; path = Extentions.swift; sourceTree = "<group>"; };
		37770985240D1EC400612A3B /* GoogleService-Info.plist */ = {isa = PBXFileReference; fileEncoding = 4; lastKnownFileType = text.plist.xml; path = "GoogleService-Info.plist"; sourceTree = "<group>"; };
		377D5C7C2410D147007C2987 /* Constants.swift */ = {isa = PBXFileReference; lastKnownFileType = sourcecode.swift; path = Constants.swift; sourceTree = "<group>"; };
		379AEFFF240B9217001A8F10 /* LoginStoryboard.storyboard */ = {isa = PBXFileReference; lastKnownFileType = file.storyboard; path = LoginStoryboard.storyboard; sourceTree = "<group>"; };
		37CB77222414C99B005C3F9D /* RoundedViews.swift */ = {isa = PBXFileReference; lastKnownFileType = sourcecode.swift; path = RoundedViews.swift; sourceTree = "<group>"; };
		58D77E142A5A474DC301FFA8 /* Pods-Photo_Hut_Admin.debug.xcconfig */ = {isa = PBXFileReference; includeInIndex = 1; lastKnownFileType = text.xcconfig; name = "Pods-Photo_Hut_Admin.debug.xcconfig"; path = "Target Support Files/Pods-Photo_Hut_Admin/Pods-Photo_Hut_Admin.debug.xcconfig"; sourceTree = "<group>"; };
		66A0B4720D0857BD85D6F119 /* Pods-Photo_Hut_Admin.release.xcconfig */ = {isa = PBXFileReference; includeInIndex = 1; lastKnownFileType = text.xcconfig; name = "Pods-Photo_Hut_Admin.release.xcconfig"; path = "Target Support Files/Pods-Photo_Hut_Admin/Pods-Photo_Hut_Admin.release.xcconfig"; sourceTree = "<group>"; };
		8840996FA8ED36121402580E /* Pods-Photo_Hut.debug.xcconfig */ = {isa = PBXFileReference; includeInIndex = 1; lastKnownFileType = text.xcconfig; name = "Pods-Photo_Hut.debug.xcconfig"; path = "Target Support Files/Pods-Photo_Hut/Pods-Photo_Hut.debug.xcconfig"; sourceTree = "<group>"; };
		AB4BA253EA17AEE0F95D2268 /* Pods_Photo_Hut_Admin.framework */ = {isa = PBXFileReference; explicitFileType = wrapper.framework; includeInIndex = 0; path = Pods_Photo_Hut_Admin.framework; sourceTree = BUILT_PRODUCTS_DIR; };
		FDE0B455625D889DF3F56743 /* Pods_Photo_Hut.framework */ = {isa = PBXFileReference; explicitFileType = wrapper.framework; includeInIndex = 0; path = Pods_Photo_Hut.framework; sourceTree = BUILT_PRODUCTS_DIR; };
/* End PBXFileReference section */

/* Begin PBXFrameworksBuildPhase section */
		3714A9FC2407B2610076AA39 /* Frameworks */ = {
			isa = PBXFrameworksBuildPhase;
			buildActionMask = 2147483647;
			files = (
				2B8629B62E4A7844CF0326A7 /* Pods_Photo_Hut.framework in Frameworks */,
			);
			runOnlyForDeploymentPostprocessing = 0;
		};
		3714AA152407B2B30076AA39 /* Frameworks */ = {
			isa = PBXFrameworksBuildPhase;
			buildActionMask = 2147483647;
			files = (
				1F7AFD7FDA12EC33BA65A532 /* Pods_Photo_Hut_Admin.framework in Frameworks */,
			);
			runOnlyForDeploymentPostprocessing = 0;
		};
/* End PBXFrameworksBuildPhase section */

/* Begin PBXGroup section */
		370F3C91240E46A60019500C /* Controler */ = {
			isa = PBXGroup;
			children = (
				370F3C99240E496D0019500C /* RegisterVC.swift */,
				370F3C95240E48EA0019500C /* LoginVC.swift */,
				3714AA022407B2610076AA39 /* AppDelegate.swift */,
				3714AA042407B2610076AA39 /* ViewController.swift */,
			);
			path = Controler;
			sourceTree = "<group>";
		};
		370F3C92240E46BF0019500C /* View */ = {
			isa = PBXGroup;
			children = (
			);
			path = View;
			sourceTree = "<group>";
		};
		370F3C93240E46C90019500C /* Model */ = {
			isa = PBXGroup;
			children = (
			);
			path = Model;
			sourceTree = "<group>";
		};
		370F3C94240E46D10019500C /* Storyboard */ = {
			isa = PBXGroup;
			children = (
				379AEFFF240B9217001A8F10 /* LoginStoryboard.storyboard */,
				3714AA062407B2610076AA39 /* Main.storyboard */,
				3714AA0B2407B2700076AA39 /* LaunchScreen.storyboard */,
			);
			path = Storyboard;
			sourceTree = "<group>";
		};
		3714A9F62407B2610076AA39 = {
			isa = PBXGroup;
			children = (
				3714AA2A2407B3300076AA39 /* Shared */,
				3714AA012407B2610076AA39 /* Photo_Hut */,
				3714AA192407B2B30076AA39 /* Photo_Hut_Admin */,
				3714AA002407B2610076AA39 /* Products */,
				517713E5B3B4CD85C0F894CB /* Pods */,
				D5CA55F51E1477797D109C0A /* Frameworks */,
			);
			sourceTree = "<group>";
		};
		3714AA002407B2610076AA39 /* Products */ = {
			isa = PBXGroup;
			children = (
				3714A9FF2407B2610076AA39 /* Photo_Hut.app */,
				3714AA182407B2B30076AA39 /* Photo_Hut_Admin.app */,
			);
			name = Products;
			sourceTree = "<group>";
		};
		3714AA012407B2610076AA39 /* Photo_Hut */ = {
			isa = PBXGroup;
			children = (
				370F3C93240E46C90019500C /* Model */,
				370F3C92240E46BF0019500C /* View */,
				370F3C91240E46A60019500C /* Controler */,
				370F3C94240E46D10019500C /* Storyboard */,
				37770985240D1EC400612A3B /* GoogleService-Info.plist */,
				3714AA0E2407B2700076AA39 /* Info.plist */,
			);
			path = Photo_Hut;
			sourceTree = "<group>";
		};
		3714AA192407B2B30076AA39 /* Photo_Hut_Admin */ = {
			isa = PBXGroup;
			children = (
				3714AA1A2407B2B30076AA39 /* AppDelegate.swift */,
				3714AA1C2407B2B30076AA39 /* ViewController.swift */,
				3714AA1E2407B2B30076AA39 /* Main.storyboard */,
				3714AA232407B2B40076AA39 /* LaunchScreen.storyboard */,
				370F3C8E240E2DD10019500C /* GoogleService-Info.plist */,
				3714AA262407B2B40076AA39 /* Info.plist */,
			);
			path = Photo_Hut_Admin;
			sourceTree = "<group>";
		};
		3714AA2A2407B3300076AA39 /* Shared */ = {
			isa = PBXGroup;
			children = (
				37CB77212414C953005C3F9D /* View */,
				37644ACA240FBA9900FE831A /* Utils */,
				3714AA092407B2700076AA39 /* Assets.xcassets */,
			);
			path = Shared;
			sourceTree = "<group>";
		};
		37644ACA240FBA9900FE831A /* Utils */ = {
			isa = PBXGroup;
			children = (
				37644ACB240FBAC700FE831A /* Extentions.swift */,
				377D5C7C2410D147007C2987 /* Constants.swift */,
			);
			path = Utils;
			sourceTree = "<group>";
		};
		37CB77212414C953005C3F9D /* View */ = {
			isa = PBXGroup;
			children = (
				37CB77222414C99B005C3F9D /* RoundedViews.swift */,
			);
			path = View;
			sourceTree = "<group>";
		};
		517713E5B3B4CD85C0F894CB /* Pods */ = {
			isa = PBXGroup;
			children = (
				8840996FA8ED36121402580E /* Pods-Photo_Hut.debug.xcconfig */,
				14815180CE67D581EF7F0E0A /* Pods-Photo_Hut.release.xcconfig */,
				58D77E142A5A474DC301FFA8 /* Pods-Photo_Hut_Admin.debug.xcconfig */,
				66A0B4720D0857BD85D6F119 /* Pods-Photo_Hut_Admin.release.xcconfig */,
			);
			path = Pods;
			sourceTree = "<group>";
		};
		D5CA55F51E1477797D109C0A /* Frameworks */ = {
			isa = PBXGroup;
			children = (
				FDE0B455625D889DF3F56743 /* Pods_Photo_Hut.framework */,
				AB4BA253EA17AEE0F95D2268 /* Pods_Photo_Hut_Admin.framework */,
			);
			name = Frameworks;
			sourceTree = "<group>";
		};
/* End PBXGroup section */

/* Begin PBXNativeTarget section */
		3714A9FE2407B2610076AA39 /* Photo_Hut */ = {
			isa = PBXNativeTarget;
			buildConfigurationList = 3714AA112407B2700076AA39 /* Build configuration list for PBXNativeTarget "Photo_Hut" */;
			buildPhases = (
				ABAAC2891F336899CD8865D0 /* [CP] Check Pods Manifest.lock */,
				3714A9FB2407B2610076AA39 /* Sources */,
				3714A9FC2407B2610076AA39 /* Frameworks */,
				3714A9FD2407B2610076AA39 /* Resources */,
				FBD25E534833789AC54C3288 /* [CP] Embed Pods Frameworks */,
			);
			buildRules = (
			);
			dependencies = (
			);
			name = Photo_Hut;
			productName = Photo_Hut;
			productReference = 3714A9FF2407B2610076AA39 /* Photo_Hut.app */;
			productType = "com.apple.product-type.application";
		};
		3714AA172407B2B30076AA39 /* Photo_Hut_Admin */ = {
			isa = PBXNativeTarget;
			buildConfigurationList = 3714AA272407B2B40076AA39 /* Build configuration list for PBXNativeTarget "Photo_Hut_Admin" */;
			buildPhases = (
				AB94F7712DBB582E130FAD1E /* [CP] Check Pods Manifest.lock */,
				3714AA142407B2B30076AA39 /* Sources */,
				3714AA152407B2B30076AA39 /* Frameworks */,
				3714AA162407B2B30076AA39 /* Resources */,
			);
			buildRules = (
			);
			dependencies = (
			);
			name = Photo_Hut_Admin;
			productName = Photo_Hut_Admin;
			productReference = 3714AA182407B2B30076AA39 /* Photo_Hut_Admin.app */;
			productType = "com.apple.product-type.application";
		};
/* End PBXNativeTarget section */

/* Begin PBXProject section */
		3714A9F72407B2610076AA39 /* Project object */ = {
			isa = PBXProject;
			attributes = {
				LastSwiftUpdateCheck = 1010;
				LastUpgradeCheck = 1010;
				ORGANIZATIONNAME = "Md. Saiful Islam";
				TargetAttributes = {
					3714A9FE2407B2610076AA39 = {
						CreatedOnToolsVersion = 10.1;
					};
					3714AA172407B2B30076AA39 = {
						CreatedOnToolsVersion = 10.1;
					};
				};
			};
			buildConfigurationList = 3714A9FA2407B2610076AA39 /* Build configuration list for PBXProject "Photo_Hut" */;
			compatibilityVersion = "Xcode 9.3";
			developmentRegion = en;
			hasScannedForEncodings = 0;
			knownRegions = (
				en,
				Base,
			);
			mainGroup = 3714A9F62407B2610076AA39;
			productRefGroup = 3714AA002407B2610076AA39 /* Products */;
			projectDirPath = "";
			projectRoot = "";
			targets = (
				3714A9FE2407B2610076AA39 /* Photo_Hut */,
				3714AA172407B2B30076AA39 /* Photo_Hut_Admin */,
			);
		};
/* End PBXProject section */

/* Begin PBXResourcesBuildPhase section */
		3714A9FD2407B2610076AA39 /* Resources */ = {
			isa = PBXResourcesBuildPhase;
			buildActionMask = 2147483647;
			files = (
				3714AA0D2407B2700076AA39 /* LaunchScreen.storyboard in Resources */,
				3714AA0A2407B2700076AA39 /* Assets.xcassets in Resources */,
				3714AA082407B2610076AA39 /* Main.storyboard in Resources */,
				379AF000240B9217001A8F10 /* LoginStoryboard.storyboard in Resources */,
				37770986240D1EC400612A3B /* GoogleService-Info.plist in Resources */,
			);
			runOnlyForDeploymentPostprocessing = 0;
		};
		3714AA162407B2B30076AA39 /* Resources */ = {
			isa = PBXResourcesBuildPhase;
			buildActionMask = 2147483647;
			files = (
				3714AA252407B2B40076AA39 /* LaunchScreen.storyboard in Resources */,
				3714AA2B2407B33F0076AA39 /* Assets.xcassets in Resources */,
				370F3C8F240E2DD10019500C /* GoogleService-Info.plist in Resources */,
				3714AA202407B2B30076AA39 /* Main.storyboard in Resources */,
			);
			runOnlyForDeploymentPostprocessing = 0;
		};
/* End PBXResourcesBuildPhase section */

/* Begin PBXShellScriptBuildPhase section */
		AB94F7712DBB582E130FAD1E /* [CP] Check Pods Manifest.lock */ = {
			isa = PBXShellScriptBuildPhase;
			buildActionMask = 2147483647;
			files = (
			);
			inputFileListPaths = (
			);
			inputPaths = (
				"${PODS_PODFILE_DIR_PATH}/Podfile.lock",
				"${PODS_ROOT}/Manifest.lock",
			);
			name = "[CP] Check Pods Manifest.lock";
			outputFileListPaths = (
			);
			outputPaths = (
				"$(DERIVED_FILE_DIR)/Pods-Photo_Hut_Admin-checkManifestLockResult.txt",
			);
			runOnlyForDeploymentPostprocessing = 0;
			shellPath = /bin/sh;
			shellScript = "diff \"${PODS_PODFILE_DIR_PATH}/Podfile.lock\" \"${PODS_ROOT}/Manifest.lock\" > /dev/null\nif [ $? != 0 ] ; then\n    # print error to STDERR\n    echo \"error: The sandbox is not in sync with the Podfile.lock. Run 'pod install' or update your CocoaPods installation.\" >&2\n    exit 1\nfi\n# This output is used by Xcode 'outputs' to avoid re-running this script phase.\necho \"SUCCESS\" > \"${SCRIPT_OUTPUT_FILE_0}\"\n";
			showEnvVarsInLog = 0;
		};
		ABAAC2891F336899CD8865D0 /* [CP] Check Pods Manifest.lock */ = {
			isa = PBXShellScriptBuildPhase;
			buildActionMask = 2147483647;
			files = (
			);
			inputFileListPaths = (
			);
			inputPaths = (
				"${PODS_PODFILE_DIR_PATH}/Podfile.lock",
				"${PODS_ROOT}/Manifest.lock",
			);
			name = "[CP] Check Pods Manifest.lock";
			outputFileListPaths = (
			);
			outputPaths = (
				"$(DERIVED_FILE_DIR)/Pods-Photo_Hut-checkManifestLockResult.txt",
			);
			runOnlyForDeploymentPostprocessing = 0;
			shellPath = /bin/sh;
			shellScript = "diff \"${PODS_PODFILE_DIR_PATH}/Podfile.lock\" \"${PODS_ROOT}/Manifest.lock\" > /dev/null\nif [ $? != 0 ] ; then\n    # print error to STDERR\n    echo \"error: The sandbox is not in sync with the Podfile.lock. Run 'pod install' or update your CocoaPods installation.\" >&2\n    exit 1\nfi\n# This output is used by Xcode 'outputs' to avoid re-running this script phase.\necho \"SUCCESS\" > \"${SCRIPT_OUTPUT_FILE_0}\"\n";
			showEnvVarsInLog = 0;
		};
		FBD25E534833789AC54C3288 /* [CP] Embed Pods Frameworks */ = {
			isa = PBXShellScriptBuildPhase;
			buildActionMask = 2147483647;
			files = (
			);
			inputFileListPaths = (
				"${PODS_ROOT}/Target Support Files/Pods-Photo_Hut/Pods-Photo_Hut-frameworks-${CONFIGURATION}-input-files.xcfilelist",
			);
			name = "[CP] Embed Pods Frameworks";
			outputFileListPaths = (
				"${PODS_ROOT}/Target Support Files/Pods-Photo_Hut/Pods-Photo_Hut-frameworks-${CONFIGURATION}-output-files.xcfilelist",
			);
			runOnlyForDeploymentPostprocessing = 0;
			shellPath = /bin/sh;
			shellScript = "\"${PODS_ROOT}/Target Support Files/Pods-Photo_Hut/Pods-Photo_Hut-frameworks.sh\"\n";
			showEnvVarsInLog = 0;
		};
/* End PBXShellScriptBuildPhase section */

/* Begin PBXSourcesBuildPhase section */
		3714A9FB2407B2610076AA39 /* Sources */ = {
			isa = PBXSourcesBuildPhase;
			buildActionMask = 2147483647;
			files = (
				3714AA052407B2610076AA39 /* ViewController.swift in Sources */,
				370F3C9A240E496D0019500C /* RegisterVC.swift in Sources */,
				37644ACC240FBAC700FE831A /* Extentions.swift in Sources */,
				3714AA032407B2610076AA39 /* AppDelegate.swift in Sources */,
				37CB77232414C99B005C3F9D /* RoundedViews.swift in Sources */,
				370F3C96240E48EB0019500C /* LoginVC.swift in Sources */,
				377D5C7D2410D147007C2987 /* Constants.swift in Sources */,
			);
			runOnlyForDeploymentPostprocessing = 0;
		};
		3714AA142407B2B30076AA39 /* Sources */ = {
			isa = PBXSourcesBuildPhase;
			buildActionMask = 2147483647;
			files = (
				3714AA1D2407B2B30076AA39 /* ViewController.swift in Sources */,
				3714AA1B2407B2B30076AA39 /* AppDelegate.swift in Sources */,
			);
			runOnlyForDeploymentPostprocessing = 0;
		};
/* End PBXSourcesBuildPhase section */

/* Begin PBXVariantGroup section */
		3714AA062407B2610076AA39 /* Main.storyboard */ = {
			isa = PBXVariantGroup;
			children = (
				3714AA072407B2610076AA39 /* Base */,
			);
			name = Main.storyboard;
			sourceTree = "<group>";
		};
		3714AA0B2407B2700076AA39 /* LaunchScreen.storyboard */ = {
			isa = PBXVariantGroup;
			children = (
				3714AA0C2407B2700076AA39 /* Base */,
			);
			name = LaunchScreen.storyboard;
			sourceTree = "<group>";
		};
		3714AA1E2407B2B30076AA39 /* Main.storyboard */ = {
			isa = PBXVariantGroup;
			children = (
				3714AA1F2407B2B30076AA39 /* Base */,
			);
			name = Main.storyboard;
			sourceTree = "<group>";
		};
		3714AA232407B2B40076AA39 /* LaunchScreen.storyboard */ = {
			isa = PBXVariantGroup;
			children = (
				3714AA242407B2B40076AA39 /* Base */,
			);
			name = LaunchScreen.storyboard;
			sourceTree = "<group>";
		};
/* End PBXVariantGroup section */

/* Begin XCBuildConfiguration section */
		3714AA0F2407B2700076AA39 /* Debug */ = {
			isa = XCBuildConfiguration;
			buildSettings = {
				ALWAYS_SEARCH_USER_PATHS = NO;
				CLANG_ANALYZER_NONNULL = YES;
				CLANG_ANALYZER_NUMBER_OBJECT_CONVERSION = YES_AGGRESSIVE;
				CLANG_CXX_LANGUAGE_STANDARD = "gnu++14";
				CLANG_CXX_LIBRARY = "libc++";
				CLANG_ENABLE_MODULES = YES;
				CLANG_ENABLE_OBJC_ARC = YES;
				CLANG_ENABLE_OBJC_WEAK = YES;
				CLANG_WARN_BLOCK_CAPTURE_AUTORELEASING = YES;
				CLANG_WARN_BOOL_CONVERSION = YES;
				CLANG_WARN_COMMA = YES;
				CLANG_WARN_CONSTANT_CONVERSION = YES;
				CLANG_WARN_DEPRECATED_OBJC_IMPLEMENTATIONS = YES;
				CLANG_WARN_DIRECT_OBJC_ISA_USAGE = YES_ERROR;
				CLANG_WARN_DOCUMENTATION_COMMENTS = YES;
				CLANG_WARN_EMPTY_BODY = YES;
				CLANG_WARN_ENUM_CONVERSION = YES;
				CLANG_WARN_INFINITE_RECURSION = YES;
				CLANG_WARN_INT_CONVERSION = YES;
				CLANG_WARN_NON_LITERAL_NULL_CONVERSION = YES;
				CLANG_WARN_OBJC_IMPLICIT_RETAIN_SELF = YES;
				CLANG_WARN_OBJC_LITERAL_CONVERSION = YES;
				CLANG_WARN_OBJC_ROOT_CLASS = YES_ERROR;
				CLANG_WARN_RANGE_LOOP_ANALYSIS = YES;
				CLANG_WARN_STRICT_PROTOTYPES = YES;
				CLANG_WARN_SUSPICIOUS_MOVE = YES;
				CLANG_WARN_UNGUARDED_AVAILABILITY = YES_AGGRESSIVE;
				CLANG_WARN_UNREACHABLE_CODE = YES;
				CLANG_WARN__DUPLICATE_METHOD_MATCH = YES;
				CODE_SIGN_IDENTITY = "iPhone Developer";
				COPY_PHASE_STRIP = NO;
				DEBUG_INFORMATION_FORMAT = dwarf;
				ENABLE_STRICT_OBJC_MSGSEND = YES;
				ENABLE_TESTABILITY = YES;
				GCC_C_LANGUAGE_STANDARD = gnu11;
				GCC_DYNAMIC_NO_PIC = NO;
				GCC_NO_COMMON_BLOCKS = YES;
				GCC_OPTIMIZATION_LEVEL = 0;
				GCC_PREPROCESSOR_DEFINITIONS = (
					"DEBUG=1",
					"$(inherited)",
				);
				GCC_WARN_64_TO_32_BIT_CONVERSION = YES;
				GCC_WARN_ABOUT_RETURN_TYPE = YES_ERROR;
				GCC_WARN_UNDECLARED_SELECTOR = YES;
				GCC_WARN_UNINITIALIZED_AUTOS = YES_AGGRESSIVE;
				GCC_WARN_UNUSED_FUNCTION = YES;
				GCC_WARN_UNUSED_VARIABLE = YES;
				IPHONEOS_DEPLOYMENT_TARGET = 12.1;
				MTL_ENABLE_DEBUG_INFO = INCLUDE_SOURCE;
				MTL_FAST_MATH = YES;
				ONLY_ACTIVE_ARCH = YES;
				SDKROOT = iphoneos;
				SWIFT_ACTIVE_COMPILATION_CONDITIONS = DEBUG;
				SWIFT_OPTIMIZATION_LEVEL = "-Onone";
			};
			name = Debug;
		};
		3714AA102407B2700076AA39 /* Release */ = {
			isa = XCBuildConfiguration;
			buildSettings = {
				ALWAYS_SEARCH_USER_PATHS = NO;
				CLANG_ANALYZER_NONNULL = YES;
				CLANG_ANALYZER_NUMBER_OBJECT_CONVERSION = YES_AGGRESSIVE;
				CLANG_CXX_LANGUAGE_STANDARD = "gnu++14";
				CLANG_CXX_LIBRARY = "libc++";
				CLANG_ENABLE_MODULES = YES;
				CLANG_ENABLE_OBJC_ARC = YES;
				CLANG_ENABLE_OBJC_WEAK = YES;
				CLANG_WARN_BLOCK_CAPTURE_AUTORELEASING = YES;
				CLANG_WARN_BOOL_CONVERSION = YES;
				CLANG_WARN_COMMA = YES;
				CLANG_WARN_CONSTANT_CONVERSION = YES;
				CLANG_WARN_DEPRECATED_OBJC_IMPLEMENTATIONS = YES;
				CLANG_WARN_DIRECT_OBJC_ISA_USAGE = YES_ERROR;
				CLANG_WARN_DOCUMENTATION_COMMENTS = YES;
				CLANG_WARN_EMPTY_BODY = YES;
				CLANG_WARN_ENUM_CONVERSION = YES;
				CLANG_WARN_INFINITE_RECURSION = YES;
				CLANG_WARN_INT_CONVERSION = YES;
				CLANG_WARN_NON_LITERAL_NULL_CONVERSION = YES;
				CLANG_WARN_OBJC_IMPLICIT_RETAIN_SELF = YES;
				CLANG_WARN_OBJC_LITERAL_CONVERSION = YES;
				CLANG_WARN_OBJC_ROOT_CLASS = YES_ERROR;
				CLANG_WARN_RANGE_LOOP_ANALYSIS = YES;
				CLANG_WARN_STRICT_PROTOTYPES = YES;
				CLANG_WARN_SUSPICIOUS_MOVE = YES;
				CLANG_WARN_UNGUARDED_AVAILABILITY = YES_AGGRESSIVE;
				CLANG_WARN_UNREACHABLE_CODE = YES;
				CLANG_WARN__DUPLICATE_METHOD_MATCH = YES;
				CODE_SIGN_IDENTITY = "iPhone Developer";
				COPY_PHASE_STRIP = NO;
				DEBUG_INFORMATION_FORMAT = "dwarf-with-dsym";
				ENABLE_NS_ASSERTIONS = NO;
				ENABLE_STRICT_OBJC_MSGSEND = YES;
				GCC_C_LANGUAGE_STANDARD = gnu11;
				GCC_NO_COMMON_BLOCKS = YES;
				GCC_WARN_64_TO_32_BIT_CONVERSION = YES;
				GCC_WARN_ABOUT_RETURN_TYPE = YES_ERROR;
				GCC_WARN_UNDECLARED_SELECTOR = YES;
				GCC_WARN_UNINITIALIZED_AUTOS = YES_AGGRESSIVE;
				GCC_WARN_UNUSED_FUNCTION = YES;
				GCC_WARN_UNUSED_VARIABLE = YES;
				IPHONEOS_DEPLOYMENT_TARGET = 12.1;
				MTL_ENABLE_DEBUG_INFO = NO;
				MTL_FAST_MATH = YES;
				SDKROOT = iphoneos;
				SWIFT_COMPILATION_MODE = wholemodule;
				SWIFT_OPTIMIZATION_LEVEL = "-O";
				VALIDATE_PRODUCT = YES;
			};
			name = Release;
		};
		3714AA122407B2700076AA39 /* Debug */ = {
			isa = XCBuildConfiguration;
			baseConfigurationReference = 8840996FA8ED36121402580E /* Pods-Photo_Hut.debug.xcconfig */;
			buildSettings = {
				ASSETCATALOG_COMPILER_APPICON_NAME = AppIcon;
				CODE_SIGN_STYLE = Automatic;
				INFOPLIST_FILE = Photo_Hut/Info.plist;
				LD_RUNPATH_SEARCH_PATHS = (
					"$(inherited)",
					"@executable_path/Frameworks",
				);
				PRODUCT_BUNDLE_IDENTIFIER = "iosProject.Photo-Hut";
				PRODUCT_NAME = "$(TARGET_NAME)";
				SWIFT_VERSION = 4.2;
				TARGETED_DEVICE_FAMILY = "1,2";
			};
			name = Debug;
		};
		3714AA132407B2700076AA39 /* Release */ = {
			isa = XCBuildConfiguration;
			baseConfigurationReference = 14815180CE67D581EF7F0E0A /* Pods-Photo_Hut.release.xcconfig */;
			buildSettings = {
				ASSETCATALOG_COMPILER_APPICON_NAME = AppIcon;
				CODE_SIGN_STYLE = Automatic;
				INFOPLIST_FILE = Photo_Hut/Info.plist;
				LD_RUNPATH_SEARCH_PATHS = (
					"$(inherited)",
					"@executable_path/Frameworks",
				);
				PRODUCT_BUNDLE_IDENTIFIER = "iosProject.Photo-Hut";
				PRODUCT_NAME = "$(TARGET_NAME)";
				SWIFT_VERSION = 4.2;
				TARGETED_DEVICE_FAMILY = "1,2";
			};
			name = Release;
		};
		3714AA282407B2B40076AA39 /* Debug */ = {
			isa = XCBuildConfiguration;
			baseConfigurationReference = 58D77E142A5A474DC301FFA8 /* Pods-Photo_Hut_Admin.debug.xcconfig */;
			buildSettings = {
				ASSETCATALOG_COMPILER_APPICON_NAME = AppIcon;
				CODE_SIGN_STYLE = Automatic;
				INFOPLIST_FILE = Photo_Hut_Admin/Info.plist;
				LD_RUNPATH_SEARCH_PATHS = (
					"$(inherited)",
					"@executable_path/Frameworks",
				);
				PRODUCT_BUNDLE_IDENTIFIER = "iosProject.Photo-Hut-Admin";
				PRODUCT_NAME = "$(TARGET_NAME)";
				SWIFT_VERSION = 4.2;
				TARGETED_DEVICE_FAMILY = "1,2";
			};
			name = Debug;
		};
		3714AA292407B2B40076AA39 /* Release */ = {
			isa = XCBuildConfiguration;
			baseConfigurationReference = 66A0B4720D0857BD85D6F119 /* Pods-Photo_Hut_Admin.release.xcconfig */;
			buildSettings = {
				ASSETCATALOG_COMPILER_APPICON_NAME = AppIcon;
				CODE_SIGN_STYLE = Automatic;
				INFOPLIST_FILE = Photo_Hut_Admin/Info.plist;
				LD_RUNPATH_SEARCH_PATHS = (
					"$(inherited)",
					"@executable_path/Frameworks",
				);
				PRODUCT_BUNDLE_IDENTIFIER = "iosProject.Photo-Hut-Admin";
				PRODUCT_NAME = "$(TARGET_NAME)";
				SWIFT_VERSION = 4.2;
				TARGETED_DEVICE_FAMILY = "1,2";
			};
			name = Release;
		};
/* End XCBuildConfiguration section */

/* Begin XCConfigurationList section */
		3714A9FA2407B2610076AA39 /* Build configuration list for PBXProject "Photo_Hut" */ = {
			isa = XCConfigurationList;
			buildConfigurations = (
				3714AA0F2407B2700076AA39 /* Debug */,
				3714AA102407B2700076AA39 /* Release */,
			);
			defaultConfigurationIsVisible = 0;
			defaultConfigurationName = Release;
		};
		3714AA112407B2700076AA39 /* Build configuration list for PBXNativeTarget "Photo_Hut" */ = {
			isa = XCConfigurationList;
			buildConfigurations = (
				3714AA122407B2700076AA39 /* Debug */,
				3714AA132407B2700076AA39 /* Release */,
			);
			defaultConfigurationIsVisible = 0;
			defaultConfigurationName = Release;
		};
		3714AA272407B2B40076AA39 /* Build configuration list for PBXNativeTarget "Photo_Hut_Admin" */ = {
			isa = XCConfigurationList;
			buildConfigurations = (
				3714AA282407B2B40076AA39 /* Debug */,
				3714AA292407B2B40076AA39 /* Release */,
			);
			defaultConfigurationIsVisible = 0;
			defaultConfigurationName = Release;
		};
/* End XCConfigurationList section */
	};
	rootObject = 3714A9F72407B2610076AA39 /* Project object */;
}
